Microsoft Visual Studio Solution File, Format Version 12.00
# Visual Studio Version 17
VisualStudioVersion = 17.14.36603.0 d17.14
MinimumVisualStudioVersion = 10.0.40219.1
Project("{2150E333-8FDC-42A3-9474-1A3956D46DE8}") = "src", "src", "{02EA681E-C7D8-13C7-8484-4AC65E1B71E8}"
EndProject
Project("{2150E333-8FDC-42A3-9474-1A3956D46DE8}") = "Solution Items", "Solution Items", "{3AF739CD-81D8-428D-A08A-0A58372DEBF6}"
	ProjectSection(SolutionItems) = preProject
		.editorconfig = .editorconfig
		Directory.Packages.props = Directory.Packages.props
		NuGet.config = NuGet.config
EndProjectSection
Project("{FAE04EC0-301F-11D3-BF4B-00C04F79EFBC}") = "eMeetup.AppHost", "src\eMeetup.AppHost\eMeetup.AppHost.csproj", "{22711DC7-511F-4034-8289-EA6E8F46EAB5}"
EndProject
Project("{FAE04EC0-301F-11D3-BF4B-00C04F79EFBC}") = "eMeetup.ServiceDefaults", "src\eMeetup.ServiceDefaults\eMeetup.ServiceDefaults.csproj", "{49867A38-D30A-7BC6-1E5C-E859444C32A6}"
EndProject
Global
	GlobalSection(SolutionConfigurationPlatforms) = preSolution
		Debug|Any CPU = Debug|Any CPU
		Release|Any CPU = Release|Any CPU
	EndGlobalSection
	GlobalSection(ProjectConfigurationPlatforms) = postSolution
		{22711DC7-511F-4034-8289-EA6E8F46EAB5}.Debug|Any CPU.ActiveCfg = Debug|Any CPU
		{22711DC7-511F-4034-8289-EA6E8F46EAB5}.Debug|Any CPU.Build.0 = Debug|Any CPU
		{22711DC7-511F-4034-8289-EA6E8F46EAB5}.Release|Any CPU.ActiveCfg = Release|Any CPU
		{22711DC7-511F-4034-8289-EA6E8F46EAB5}.Release|Any CPU.Build.0 = Release|Any CPU
		{49867A38-D30A-7BC6-1E5C-E859444C32A6}.Debug|Any CPU.ActiveCfg = Debug|Any CPU
		{49867A38-D30A-7BC6-1E5C-E859444C32A6}.Debug|Any CPU.Build.0 = Debug|Any CPU
		{49867A38-D30A-7BC6-1E5C-E859444C32A6}.Release|Any CPU.ActiveCfg = Release|Any CPU
		{49867A38-D30A-7BC6-1E5C-E859444C32A6}.Release|Any CPU.Build.0 = Release|Any CPU
	EndGlobalSection
	GlobalSection(SolutionProperties) = preSolution
		HideSolutionNode = FALSE
	EndGlobalSection
	GlobalSection(NestedProjects) = preSolution
		{22711DC7-511F-4034-8289-EA6E8F46EAB5} = {02EA681E-C7D8-13C7-8484-4AC65E1B71E8}
		{49867A38-D30A-7BC6-1E5C-E859444C32A6} = {02EA681E-C7D8-13C7-8484-4AC65E1B71E8}
	EndGlobalSection
	GlobalSection(ExtensibilityGlobals) = postSolution
		SolutionGuid = {1425A9EE-DA7F-463D-9FDC-BDA1DD9761AD}
	EndGlobalSection
EndGlobal
