Microsoft Visual Studio Solution File, Format Version 12.00
# Visual Studio Version 17
VisualStudioVersion = 17.5.2.0
MinimumVisualStudioVersion = 10.0.40219.1
Project("{FAE04EC0-301F-11D3-BF4B-00C04F79EFBC}") = "MigrationService", "MigrationService.csproj", "{2DF1B002-1EC6-F7AE-E186-1A5BE218DD8A}"
EndProject
Global
	GlobalSection(SolutionConfigurationPlatforms) = preSolution
		Debug|Any CPU = Debug|Any CPU
		Release|Any CPU = Release|Any CPU
	EndGlobalSection
	GlobalSection(ProjectConfigurationPlatforms) = postSolution
		{2DF1B002-1EC6-F7AE-E186-1A5BE218DD8A}.Debug|Any CPU.ActiveCfg = Debug|Any CPU
		{2DF1B002-1EC6-F7AE-E186-1A5BE218DD8A}.Debug|Any CPU.Build.0 = Debug|Any CPU
		{2DF1B002-1EC6-F7AE-E186-1A5BE218DD8A}.Release|Any CPU.ActiveCfg = Release|Any CPU
		{2DF1B002-1EC6-F7AE-E186-1A5BE218DD8A}.Release|Any CPU.Build.0 = Release|Any CPU
	EndGlobalSection
	GlobalSection(SolutionProperties) = preSolution
		HideSolutionNode = FALSE
	EndGlobalSection
	GlobalSection(ExtensibilityGlobals) = postSolution
		SolutionGuid = {0619864C-B7D6-4606-90C0-FB91F56FBF14}
	EndGlobalSection
EndGlobal
